{
  "name": "SDCI",
  "lockfileVersion": 2,
  "requires": true,
  "packages": {
    "": {
      "dependencies": {
        "redux-localstorage-simple": "^2.4.0"
      }
    },
    "node_modules/merge": {
      "version": "2.1.0",
      "resolved": "https://registry.npmjs.org/merge/-/merge-2.1.0.tgz",
      "integrity": "sha512-TcuhVDV+e6X457MQAm7xIb19rWhZuEDEho7RrwxMpQ/3GhD5sDlnP188gjQQuweXHy9igdke5oUtVOXX1X8Sxg=="
    },
    "node_modules/redux-localstorage-simple": {
      "version": "2.4.0",
      "resolved": "https://registry.npmjs.org/redux-localstorage-simple/-/redux-localstorage-simple-2.4.0.tgz",
      "integrity": "sha512-Zj28elJtO4fqXXC+gikonbKhFUkiwlalScYRn3EGUU44Pika1995AqUgzjIcsSPlBhIDV2WudFqa/YI9+3aE9Q==",
      "dependencies": {
        "merge": "2.1.0"
      }
    }
  },
  "dependencies": {
    "merge": {
      "version": "2.1.0",
      "resolved": "https://registry.npmjs.org/merge/-/merge-2.1.0.tgz",
      "integrity": "sha512-TcuhVDV+e6X457MQAm7xIb19rWhZuEDEho7RrwxMpQ/3GhD5sDlnP188gjQQuweXHy9igdke5oUtVOXX1X8Sxg=="
    },
    "redux-localstorage-simple": {
      "version": "2.4.0",
      "resolved": "https://registry.npmjs.org/redux-localstorage-simple/-/redux-localstorage-simple-2.4.0.tgz",
      "integrity": "sha512-Zj28elJtO4fqXXC+gikonbKhFUkiwlalScYRn3EGUU44Pika1995AqUgzjIcsSPlBhIDV2WudFqa/YI9+3aE9Q==",
      "requires": {
        "merge": "2.1.0"
      }
    }
  }
}
